
Microsoft Visual Studio Solution File, Format Version 10.00
# Visual C# Express 2008
Project("{FAE04EC0-301F-11D3-BF4B-00C04F79EFBC}") = "FirstHiber", "FirstHiber.Tests\FirstHiber.csproj", "{96266BEB-5213-4B9B-99CD-F271A06F85BF}"
EndProject
Project("{FAE04EC0-301F-11D3-BF4B-00C04F79EFBC}") = "FirstHiber.tests", "Project1\FirstHiber.tests.csproj", "{F457C876-5E73-4CE4-B134-43F3C8CD0D72}"
EndProject
Project("{FAE04EC0-301F-11D3-BF4B-00C04F79EFBC}") = "ConsoleApplication1", "ConsoleApplication1\ConsoleApplication1.csproj", "{095A5D7B-15C5-42B7-9009-35667AB5140C}"
EndProject
Project("{FAE04EC0-301F-11D3-BF4B-00C04F79EFBC}") = "OneLib", "OneLib\OneLib.csproj", "{63040E3C-675B-425C-B751-2D37E1328C28}"
EndProject
Global
	GlobalSection(SolutionConfigurationPlatforms) = preSolution
		Debug|Any CPU = Debug|Any CPU
		Release|Any CPU = Release|Any CPU
	EndGlobalSection
	GlobalSection(ProjectConfigurationPlatforms) = postSolution
		{96266BEB-5213-4B9B-99CD-F271A06F85BF}.Debug|Any CPU.ActiveCfg = Debug|Any CPU
		{96266BEB-5213-4B9B-99CD-F271A06F85BF}.Debug|Any CPU.Build.0 = Debug|Any CPU
		{96266BEB-5213-4B9B-99CD-F271A06F85BF}.Release|Any CPU.ActiveCfg = Release|Any CPU
		{96266BEB-5213-4B9B-99CD-F271A06F85BF}.Release|Any CPU.Build.0 = Release|Any CPU
		{F457C876-5E73-4CE4-B134-43F3C8CD0D72}.Debug|Any CPU.ActiveCfg = Debug|Any CPU
		{F457C876-5E73-4CE4-B134-43F3C8CD0D72}.Debug|Any CPU.Build.0 = Debug|Any CPU
		{F457C876-5E73-4CE4-B134-43F3C8CD0D72}.Release|Any CPU.ActiveCfg = Release|Any CPU
		{F457C876-5E73-4CE4-B134-43F3C8CD0D72}.Release|Any CPU.Build.0 = Release|Any CPU
		{095A5D7B-15C5-42B7-9009-35667AB5140C}.Debug|Any CPU.ActiveCfg = Debug|Any CPU
		{095A5D7B-15C5-42B7-9009-35667AB5140C}.Debug|Any CPU.Build.0 = Debug|Any CPU
		{095A5D7B-15C5-42B7-9009-35667AB5140C}.Release|Any CPU.ActiveCfg = Release|Any CPU
		{095A5D7B-15C5-42B7-9009-35667AB5140C}.Release|Any CPU.Build.0 = Release|Any CPU
		{63040E3C-675B-425C-B751-2D37E1328C28}.Debug|Any CPU.ActiveCfg = Debug|Any CPU
		{63040E3C-675B-425C-B751-2D37E1328C28}.Debug|Any CPU.Build.0 = Debug|Any CPU
		{63040E3C-675B-425C-B751-2D37E1328C28}.Release|Any CPU.ActiveCfg = Release|Any CPU
		{63040E3C-675B-425C-B751-2D37E1328C28}.Release|Any CPU.Build.0 = Release|Any CPU
	EndGlobalSection
	GlobalSection(SolutionProperties) = preSolution
		HideSolutionNode = FALSE
	EndGlobalSection
EndGlobal
