
Microsoft Visual Studio Solution File, Format Version 10.00
# Visual Web Developer Express 2008
Project("{E24C65DC-7377-472B-9ABA-BC803B73C61A}") = "CerebrumWeb", "..\..\Cerebrum\CerebrumWeb\", "{EC26DF1C-D837-480F-8FBF-2D2454D8704E}"
	ProjectSection(WebsiteProperties) = preProject
		TargetFramework = "3.5"
		Debug.AspNetCompiler.VirtualPath = "/CerebrumWeb"
		Debug.AspNetCompiler.PhysicalPath = "..\..\Cerebrum\CerebrumWeb\"
		Debug.AspNetCompiler.TargetPath = "PrecompiledWeb\CerebrumWeb\"
		Debug.AspNetCompiler.Updateable = "true"
		Debug.AspNetCompiler.ForceOverwrite = "true"
		Debug.AspNetCompiler.FixedNames = "false"
		Debug.AspNetCompiler.Debug = "True"
		Release.AspNetCompiler.VirtualPath = "/CerebrumWeb"
		Release.AspNetCompiler.PhysicalPath = "..\..\Cerebrum\CerebrumWeb\"
		Release.AspNetCompiler.TargetPath = "PrecompiledWeb\CerebrumWeb\"
		Release.AspNetCompiler.Updateable = "true"
		Release.AspNetCompiler.ForceOverwrite = "true"
		Release.AspNetCompiler.FixedNames = "false"
		Release.AspNetCompiler.Debug = "False"
		VWDPort = "64337"
		DefaultWebSiteLanguage = "Visual C#"
	EndProjectSection
EndProject
Global
	GlobalSection(SolutionConfigurationPlatforms) = preSolution
		Debug|Any CPU = Debug|Any CPU
	EndGlobalSection
	GlobalSection(ProjectConfigurationPlatforms) = postSolution
		{EC26DF1C-D837-480F-8FBF-2D2454D8704E}.Debug|Any CPU.ActiveCfg = Debug|Any CPU
		{EC26DF1C-D837-480F-8FBF-2D2454D8704E}.Debug|Any CPU.Build.0 = Debug|Any CPU
	EndGlobalSection
	GlobalSection(SolutionProperties) = preSolution
		HideSolutionNode = FALSE
	EndGlobalSection
EndGlobal
